Microsoft Visual Studio Solution File, Format Version 12.00
# Visual Studio Version 17
VisualStudioVersion = 17.5.2.0
MinimumVisualStudioVersion = 10.0.40219.1
Project("{2150E333-8FDC-42A3-9474-1A3956D46DE8}") = "BackEndJoias", "BackEndJoias", "{E36DDE97-BBEE-F063-DDAD-4F621EA27224}"
EndProject
Project("{FAE04EC0-301F-11D3-BF4B-00C04F79EFBC}") = "GemaGestor", "BackEndJoias\GemaGestor.csproj", "{8D2176D4-87D5-672C-0ED6-72C0DD16DA70}"
EndProject
Global
	GlobalSection(SolutionConfigurationPlatforms) = preSolution
		Debug|Any CPU = Debug|Any CPU
		Release|Any CPU = Release|Any CPU
	EndGlobalSection
	GlobalSection(ProjectConfigurationPlatforms) = postSolution
		{8D2176D4-87D5-672C-0ED6-72C0DD16DA70}.Debug|Any CPU.ActiveCfg = Debug|Any CPU
		{8D2176D4-87D5-672C-0ED6-72C0DD16DA70}.Debug|Any CPU.Build.0 = Debug|Any CPU
		{8D2176D4-87D5-672C-0ED6-72C0DD16DA70}.Release|Any CPU.ActiveCfg = Release|Any CPU
		{8D2176D4-87D5-672C-0ED6-72C0DD16DA70}.Release|Any CPU.Build.0 = Release|Any CPU
	EndGlobalSection
	GlobalSection(SolutionProperties) = preSolution
		HideSolutionNode = FALSE
	EndGlobalSection
	GlobalSection(NestedProjects) = preSolution
		{8D2176D4-87D5-672C-0ED6-72C0DD16DA70} = {E36DDE97-BBEE-F063-DDAD-4F621EA27224}
	EndGlobalSection
	GlobalSection(ExtensibilityGlobals) = postSolution
		SolutionGuid = {74899AB3-1639-42B9-9AF8-1AE055011563}
	EndGlobalSection
EndGlobal
